
Microsoft Visual Studio Solution File, Format Version 12.00
# Visual Studio Version 17
VisualStudioVersion = 17.7.34018.315
MinimumVisualStudioVersion = 10.0.40219.1
Project("{FAE04EC0-301F-11D3-BF4B-00C04F79EFBC}") = "ComfyAutoPicker", "ComfyAutoPicker\ComfyAutoPicker.csproj", "{C912B20F-2BFA-439D-AB23-9A07F0F9EE70}"
EndProject
Project("{FAE04EC0-301F-11D3-BF4B-00C04F79EFBC}") = "ComfyMassFarming", "ComfyMassFarming\ComfyMassFarming.csproj", "{ABB4F966-2CF3-48BC-861B-24E4EE564C55}"
EndProject
Project("{FAE04EC0-301F-11D3-BF4B-00C04F79EFBC}") = "TrapMeNot", "TrapMeNot\TrapMeNot.csproj", "{709CF7EA-9FB3-4DF5-8398-9CB2F849DCD3}"
EndProject
Project("{FAE04EC0-301F-11D3-BF4B-00C04F79EFBC}") = "YolkMe", "YolkMe\YolkMe.csproj", "{354F3E60-7323-49B2-8FBA-C8C9C871C3D8}"
EndProject
Project("{FAE04EC0-301F-11D3-BF4B-00C04F79EFBC}") = "Wardrobe", "Wardrobe\Wardrobe.csproj", "{466CF3D5-484D-48D0-8B99-E69BEC9C3827}"
EndProject
Project("{2150E333-8FDC-42A3-9474-1A3956D46DE8}") = "Solution Items", "Solution Items", "{937F89DA-BBBB-4988-936B-11D0FE5FD688}"
	ProjectSection(SolutionItems) = preProject
		.editorconfig = .editorconfig
	EndProjectSection
EndProject
Project("{FAE04EC0-301F-11D3-BF4B-00C04F79EFBC}") = "ICanSeeClearlyNow", "ICanSeeClearlyNow\ICanSeeClearlyNow.csproj", "{21625AA5-8C9A-4A27-8E03-027E4E3767EA}"
EndProject
Project("{FAE04EC0-301F-11D3-BF4B-00C04F79EFBC}") = "FightMeBro", "FIghtMeBro\FightMeBro.csproj", "{F4E054CB-55B5-457E-B63B-5D81AAD45F96}"
EndProject
Global
	GlobalSection(SolutionConfigurationPlatforms) = preSolution
		Debug|Any CPU = Debug|Any CPU
		Release|Any CPU = Release|Any CPU
	EndGlobalSection
	GlobalSection(ProjectConfigurationPlatforms) = postSolution
		{C912B20F-2BFA-439D-AB23-9A07F0F9EE70}.Debug|Any CPU.ActiveCfg = Debug|Any CPU
		{C912B20F-2BFA-439D-AB23-9A07F0F9EE70}.Debug|Any CPU.Build.0 = Debug|Any CPU
		{C912B20F-2BFA-439D-AB23-9A07F0F9EE70}.Release|Any CPU.ActiveCfg = Release|Any CPU
		{C912B20F-2BFA-439D-AB23-9A07F0F9EE70}.Release|Any CPU.Build.0 = Release|Any CPU
		{ABB4F966-2CF3-48BC-861B-24E4EE564C55}.Debug|Any CPU.ActiveCfg = Debug|Any CPU
		{ABB4F966-2CF3-48BC-861B-24E4EE564C55}.Debug|Any CPU.Build.0 = Debug|Any CPU
		{ABB4F966-2CF3-48BC-861B-24E4EE564C55}.Release|Any CPU.ActiveCfg = Release|Any CPU
		{ABB4F966-2CF3-48BC-861B-24E4EE564C55}.Release|Any CPU.Build.0 = Release|Any CPU
		{709CF7EA-9FB3-4DF5-8398-9CB2F849DCD3}.Debug|Any CPU.ActiveCfg = Debug|Any CPU
		{709CF7EA-9FB3-4DF5-8398-9CB2F849DCD3}.Debug|Any CPU.Build.0 = Debug|Any CPU
		{709CF7EA-9FB3-4DF5-8398-9CB2F849DCD3}.Release|Any CPU.ActiveCfg = Release|Any CPU
		{709CF7EA-9FB3-4DF5-8398-9CB2F849DCD3}.Release|Any CPU.Build.0 = Release|Any CPU
		{354F3E60-7323-49B2-8FBA-C8C9C871C3D8}.Debug|Any CPU.ActiveCfg = Debug|Any CPU
		{354F3E60-7323-49B2-8FBA-C8C9C871C3D8}.Debug|Any CPU.Build.0 = Debug|Any CPU
		{354F3E60-7323-49B2-8FBA-C8C9C871C3D8}.Release|Any CPU.ActiveCfg = Release|Any CPU
		{354F3E60-7323-49B2-8FBA-C8C9C871C3D8}.Release|Any CPU.Build.0 = Release|Any CPU
		{466CF3D5-484D-48D0-8B99-E69BEC9C3827}.Debug|Any CPU.ActiveCfg = Debug|Any CPU
		{466CF3D5-484D-48D0-8B99-E69BEC9C3827}.Debug|Any CPU.Build.0 = Debug|Any CPU
		{466CF3D5-484D-48D0-8B99-E69BEC9C3827}.Release|Any CPU.ActiveCfg = Release|Any CPU
		{466CF3D5-484D-48D0-8B99-E69BEC9C3827}.Release|Any CPU.Build.0 = Release|Any CPU
		{21625AA5-8C9A-4A27-8E03-027E4E3767EA}.Debug|Any CPU.ActiveCfg = Debug|Any CPU
		{21625AA5-8C9A-4A27-8E03-027E4E3767EA}.Debug|Any CPU.Build.0 = Debug|Any CPU
		{21625AA5-8C9A-4A27-8E03-027E4E3767EA}.Release|Any CPU.ActiveCfg = Release|Any CPU
		{21625AA5-8C9A-4A27-8E03-027E4E3767EA}.Release|Any CPU.Build.0 = Release|Any CPU
		{F4E054CB-55B5-457E-B63B-5D81AAD45F96}.Debug|Any CPU.ActiveCfg = Debug|Any CPU
		{F4E054CB-55B5-457E-B63B-5D81AAD45F96}.Debug|Any CPU.Build.0 = Debug|Any CPU
		{F4E054CB-55B5-457E-B63B-5D81AAD45F96}.Release|Any CPU.ActiveCfg = Release|Any CPU
		{F4E054CB-55B5-457E-B63B-5D81AAD45F96}.Release|Any CPU.Build.0 = Release|Any CPU
	EndGlobalSection
	GlobalSection(SolutionProperties) = preSolution
		HideSolutionNode = FALSE
	EndGlobalSection
	GlobalSection(ExtensibilityGlobals) = postSolution
		SolutionGuid = {C4BF4149-09EB-497D-A67D-A228FE9597DC}
	EndGlobalSection
EndGlobal
